
Microsoft Visual Studio Solution File, Format Version 12.00
# Visual Studio Version 17
VisualStudioVersion = 17.0.32014.148
MinimumVisualStudioVersion = 10.0.40219.1
Project("{9A19103F-16F7-4668-BE54-9A1E7A4F7556}") = "SagaDemo.Web", "SagaDemo.Web\SagaDemo.Web.csproj", "{E084F4F4-C903-4901-8597-9E673DACAAF1}"
EndProject
Project("{9A19103F-16F7-4668-BE54-9A1E7A4F7556}") = "Shared.Contracts", "Shared.Contracts\Shared.Contracts.csproj", "{B57E205F-7472-4D7B-A4AA-F0BB56B907AE}"
EndProject
Project("{FAE04EC0-301F-11D3-BF4B-00C04F79EFBC}") = "Stock", "Stock\Stock.csproj", "{70CFC693-49DC-4273-9AD4-E9E2C46C5BE3}"
EndProject
Project("{FAE04EC0-301F-11D3-BF4B-00C04F79EFBC}") = "Payment", "Payment\Payment.csproj", "{F4F63C90-EBB5-4438-B26A-477DF26519E3}"
EndProject
Global
	GlobalSection(SolutionConfigurationPlatforms) = preSolution
		Debug|Any CPU = Debug|Any CPU
		Release|Any CPU = Release|Any CPU
	EndGlobalSection
	GlobalSection(ProjectConfigurationPlatforms) = postSolution
		{E084F4F4-C903-4901-8597-9E673DACAAF1}.Debug|Any CPU.ActiveCfg = Debug|Any CPU
		{E084F4F4-C903-4901-8597-9E673DACAAF1}.Debug|Any CPU.Build.0 = Debug|Any CPU
		{E084F4F4-C903-4901-8597-9E673DACAAF1}.Release|Any CPU.ActiveCfg = Release|Any CPU
		{E084F4F4-C903-4901-8597-9E673DACAAF1}.Release|Any CPU.Build.0 = Release|Any CPU
		{B57E205F-7472-4D7B-A4AA-F0BB56B907AE}.Debug|Any CPU.ActiveCfg = Debug|Any CPU
		{B57E205F-7472-4D7B-A4AA-F0BB56B907AE}.Debug|Any CPU.Build.0 = Debug|Any CPU
		{B57E205F-7472-4D7B-A4AA-F0BB56B907AE}.Release|Any CPU.ActiveCfg = Release|Any CPU
		{B57E205F-7472-4D7B-A4AA-F0BB56B907AE}.Release|Any CPU.Build.0 = Release|Any CPU
		{70CFC693-49DC-4273-9AD4-E9E2C46C5BE3}.Debug|Any CPU.ActiveCfg = Debug|Any CPU
		{70CFC693-49DC-4273-9AD4-E9E2C46C5BE3}.Debug|Any CPU.Build.0 = Debug|Any CPU
		{70CFC693-49DC-4273-9AD4-E9E2C46C5BE3}.Release|Any CPU.ActiveCfg = Release|Any CPU
		{70CFC693-49DC-4273-9AD4-E9E2C46C5BE3}.Release|Any CPU.Build.0 = Release|Any CPU
		{F4F63C90-EBB5-4438-B26A-477DF26519E3}.Debug|Any CPU.ActiveCfg = Debug|Any CPU
		{F4F63C90-EBB5-4438-B26A-477DF26519E3}.Debug|Any CPU.Build.0 = Debug|Any CPU
		{F4F63C90-EBB5-4438-B26A-477DF26519E3}.Release|Any CPU.ActiveCfg = Release|Any CPU
		{F4F63C90-EBB5-4438-B26A-477DF26519E3}.Release|Any CPU.Build.0 = Release|Any CPU
	EndGlobalSection
	GlobalSection(SolutionProperties) = preSolution
		HideSolutionNode = FALSE
	EndGlobalSection
	GlobalSection(ExtensibilityGlobals) = postSolution
		SolutionGuid = {2C79E4BA-A43A-4400-86B2-3933F01BD546}
	EndGlobalSection
EndGlobal
